{
  "version": 4,
  "terraform_version": "1.11.2",
  "serial": 101,
  "lineage": "e285f7cf-b133-eed8-be1e-1ca5c49bcca0",
  "outputs": {
    "instance_public_ip": {
      "value": "34.238.39.188",
      "type": "string"
    },
    "internet_gateway": {
      "value": "igw-0c3d8c45c5bd39e34",
      "type": "string"
    },
    "nat_gateways": {
      "value": [],
      "type": [
        "list",
        "string"
      ]
    },
    "route_tables": {
      "value": [
        "rtb-013c7432e1673f0f2",
        "rtb-0437898dcbfb3e066",
        "rtb-0bef5dc772cc17de0",
        "rtb-0643449bfac40daff",
        "rtb-04fa46e5885ab62d3"
      ],
      "type": [
        "list",
        "string"
      ]
    },
    "security_group_id": {
      "value": "sg-0c6ffe98b8d4f9f92",
      "type": "string"
    },
    "security_groups": {
      "value": [
        "sg-043487adeab71c70f",
        "sg-0908cae1fd7c14417",
        "sg-021d43c6556c1db6e",
        "sg-0f663780663fc3f27",
        "sg-0e6f76a511734348a",
        "sg-0f5c90c220a0b3720",
        "sg-04b2cb4eb27dbd0ca",
        "sg-009bd8de2420b88e5",
        "sg-0599707c7f8e7ca1b",
        "sg-09fdb03206b599804",
        "sg-0b304006a408e211e",
        "sg-02fea5ec98ae3fa23",
        "sg-03bfa1c11f063c924",
        "sg-052c37ba9c3daec67",
        "sg-0983fbf5a09c00d21",
        "sg-09975853fa2b06333",
        "sg-0a927a6d007fb487b",
        "sg-0fe17303b1b76f8cd",
        "sg-0d0bd13ed602ebbaf",
        "sg-0dc86a75469c76e7e",
        "sg-0eb833a412602b50e",
        "sg-0b461d3d5c9b3aa84"
      ],
      "type": [
        "list",
        "string"
      ]
    },
    "ssh_private_key_path": {
      "value": "./builder_key.pem",
      "type": "string",
      "sensitive": true
    },
    "subnets": {
      "value": [
        "subnet-05e39308bb4a1d087",
        "subnet-09acf0c86ccc923bd",
        "subnet-093cc5dd93608c268",
        "subnet-04547592a2c4120fa",
        "subnet-0da18b5db37c9b627",
        "subnet-0e1c5a319b7354739"
      ],
      "type": [
        "list",
        "string"
      ]
    },
    "vpc_id": {
      "value": "vpc-044604d0bfb707142",
      "type": "string"
    }
  },
  "resources": [
    {
      "mode": "data",
      "type": "aws_internet_gateway",
      "name": "selected",
      "provider": "provider[\"registry.terraform.io/hashicorp/aws\"]",
      "instances": [
        {
          "schema_version": 0,
          "attributes": {
            "arn": "arn:aws:ec2:us-east-1:504949722475:internet-gateway/igw-0c3d8c45c5bd39e34",
            "attachments": [
              {
                "state": "available",
                "vpc_id": "vpc-044604d0bfb707142"
              }
            ],
            "filter": [
              {
                "name": "attachment.vpc-id",
                "values": [
                  "vpc-044604d0bfb707142"
                ]
              }
            ],
            "id": "igw-0c3d8c45c5bd39e34",
            "internet_gateway_id": "igw-0c3d8c45c5bd39e34",
            "owner_id": "504949722475",
            "tags": {},
            "timeouts": null
          },
          "sensitive_attributes": []
        }
      ]
    },
    {
      "mode": "data",
      "type": "aws_nat_gateways",
      "name": "selected",
      "provider": "provider[\"registry.terraform.io/hashicorp/aws\"]",
      "instances": [
        {
          "schema_version": 0,
          "attributes": {
            "filter": [
              {
                "name": "vpc-id",
                "values": [
                  "vpc-044604d0bfb707142"
                ]
              }
            ],
            "id": "us-east-1",
            "ids": [],
            "tags": null,
            "timeouts": null,
            "vpc_id": null
          },
          "sensitive_attributes": []
        }
      ]
    },
    {
      "mode": "data",
      "type": "aws_route_tables",
      "name": "selected",
      "provider": "provider[\"registry.terraform.io/hashicorp/aws\"]",
      "instances": [
        {
          "schema_version": 0,
          "attributes": {
            "filter": [
              {
                "name": "vpc-id",
                "values": [
                  "vpc-044604d0bfb707142"
                ]
              }
            ],
            "id": "us-east-1",
            "ids": [
              "rtb-013c7432e1673f0f2",
              "rtb-0437898dcbfb3e066",
              "rtb-0bef5dc772cc17de0",
              "rtb-0643449bfac40daff",
              "rtb-04fa46e5885ab62d3"
            ],
            "tags": null,
            "timeouts": null,
            "vpc_id": null
          },
          "sensitive_attributes": []
        }
      ]
    },
    {
      "mode": "data",
      "type": "aws_security_groups",
      "name": "selected",
      "provider": "provider[\"registry.terraform.io/hashicorp/aws\"]",
      "instances": [
        {
          "schema_version": 0,
          "attributes": {
            "arns": [
              "arn:aws:ec2:us-east-1:504949722475:security-group/sg-043487adeab71c70f",
              "arn:aws:ec2:us-east-1:504949722475:security-group/sg-0908cae1fd7c14417",
              "arn:aws:ec2:us-east-1:504949722475:security-group/sg-021d43c6556c1db6e",
              "arn:aws:ec2:us-east-1:504949722475:security-group/sg-0f663780663fc3f27",
              "arn:aws:ec2:us-east-1:504949722475:security-group/sg-0e6f76a511734348a",
              "arn:aws:ec2:us-east-1:504949722475:security-group/sg-0f5c90c220a0b3720",
              "arn:aws:ec2:us-east-1:504949722475:security-group/sg-04b2cb4eb27dbd0ca",
              "arn:aws:ec2:us-east-1:504949722475:security-group/sg-009bd8de2420b88e5",
              "arn:aws:ec2:us-east-1:504949722475:security-group/sg-0599707c7f8e7ca1b",
              "arn:aws:ec2:us-east-1:504949722475:security-group/sg-09fdb03206b599804",
              "arn:aws:ec2:us-east-1:504949722475:security-group/sg-0b304006a408e211e",
              "arn:aws:ec2:us-east-1:504949722475:security-group/sg-02fea5ec98ae3fa23",
              "arn:aws:ec2:us-east-1:504949722475:security-group/sg-03bfa1c11f063c924",
              "arn:aws:ec2:us-east-1:504949722475:security-group/sg-052c37ba9c3daec67",
              "arn:aws:ec2:us-east-1:504949722475:security-group/sg-0983fbf5a09c00d21",
              "arn:aws:ec2:us-east-1:504949722475:security-group/sg-09975853fa2b06333",
              "arn:aws:ec2:us-east-1:504949722475:security-group/sg-0a927a6d007fb487b",
              "arn:aws:ec2:us-east-1:504949722475:security-group/sg-0fe17303b1b76f8cd",
              "arn:aws:ec2:us-east-1:504949722475:security-group/sg-0d0bd13ed602ebbaf",
              "arn:aws:ec2:us-east-1:504949722475:security-group/sg-0dc86a75469c76e7e",
              "arn:aws:ec2:us-east-1:504949722475:security-group/sg-0eb833a412602b50e",
              "arn:aws:ec2:us-east-1:504949722475:security-group/sg-0b461d3d5c9b3aa84"
            ],
            "filter": [
              {
                "name": "vpc-id",
                "values": [
                  "vpc-044604d0bfb707142"
                ]
              }
            ],
            "id": "us-east-1",
            "ids": [
              "sg-043487adeab71c70f",
              "sg-0908cae1fd7c14417",
              "sg-021d43c6556c1db6e",
              "sg-0f663780663fc3f27",
              "sg-0e6f76a511734348a",
              "sg-0f5c90c220a0b3720",
              "sg-04b2cb4eb27dbd0ca",
              "sg-009bd8de2420b88e5",
              "sg-0599707c7f8e7ca1b",
              "sg-09fdb03206b599804",
              "sg-0b304006a408e211e",
              "sg-02fea5ec98ae3fa23",
              "sg-03bfa1c11f063c924",
              "sg-052c37ba9c3daec67",
              "sg-0983fbf5a09c00d21",
              "sg-09975853fa2b06333",
              "sg-0a927a6d007fb487b",
              "sg-0fe17303b1b76f8cd",
              "sg-0d0bd13ed602ebbaf",
              "sg-0dc86a75469c76e7e",
              "sg-0eb833a412602b50e",
              "sg-0b461d3d5c9b3aa84"
            ],
            "tags": null,
            "timeouts": null,
            "vpc_ids": [
              "vpc-044604d0bfb707142",
              "vpc-044604d0bfb707142",
              "vpc-044604d0bfb707142",
              "vpc-044604d0bfb707142",
              "vpc-044604d0bfb707142",
              "vpc-044604d0bfb707142",
              "vpc-044604d0bfb707142",
              "vpc-044604d0bfb707142",
              "vpc-044604d0bfb707142",
              "vpc-044604d0bfb707142",
              "vpc-044604d0bfb707142",
              "vpc-044604d0bfb707142",
              "vpc-044604d0bfb707142",
              "vpc-044604d0bfb707142",
              "vpc-044604d0bfb707142",
              "vpc-044604d0bfb707142",
              "vpc-044604d0bfb707142",
              "vpc-044604d0bfb707142",
              "vpc-044604d0bfb707142",
              "vpc-044604d0bfb707142",
              "vpc-044604d0bfb707142",
              "vpc-044604d0bfb707142"
            ]
          },
          "sensitive_attributes": []
        }
      ]
    },
    {
      "mode": "data",
      "type": "aws_ssm_parameter",
      "name": "ubuntu_ami",
      "provider": "provider[\"registry.terraform.io/hashicorp/aws\"]",
      "instances": [
        {
          "schema_version": 0,
          "attributes": {
            "arn": "arn:aws:ssm:us-east-1::parameter/aws/service/canonical/ubuntu/server/20.04/stable/current/amd64/hvm/ebs-gp2/ami-id",
            "id": "/aws/service/canonical/ubuntu/server/20.04/stable/current/amd64/hvm/ebs-gp2/ami-id",
            "insecure_value": "ami-0a25f237e97fa2b5e",
            "name": "/aws/service/canonical/ubuntu/server/20.04/stable/current/amd64/hvm/ebs-gp2/ami-id",
            "type": "String",
            "value": "ami-0a25f237e97fa2b5e",
            "version": 326,
            "with_decryption": true
          },
          "sensitive_attributes": [
            [
              {
                "type": "get_attr",
                "value": "value"
              }
            ]
          ]
        }
      ]
    },
    {
      "mode": "data",
      "type": "aws_subnets",
      "name": "selected",
      "provider": "provider[\"registry.terraform.io/hashicorp/aws\"]",
      "instances": [
        {
          "schema_version": 0,
          "attributes": {
            "filter": [
              {
                "name": "default-for-az",
                "values": [
                  "true"
                ]
              },
              {
                "name": "vpc-id",
                "values": [
                  "vpc-044604d0bfb707142"
                ]
              }
            ],
            "id": "us-east-1",
            "ids": [
              "subnet-05e39308bb4a1d087",
              "subnet-09acf0c86ccc923bd",
              "subnet-093cc5dd93608c268",
              "subnet-04547592a2c4120fa",
              "subnet-0da18b5db37c9b627",
              "subnet-0e1c5a319b7354739"
            ],
            "tags": null,
            "timeouts": null
          },
          "sensitive_attributes": []
        }
      ]
    },
    {
      "mode": "data",
      "type": "aws_vpc",
      "name": "selected",
      "provider": "provider[\"registry.terraform.io/hashicorp/aws\"]",
      "instances": [
        {
          "schema_version": 0,
          "attributes": {
            "arn": "arn:aws:ec2:us-east-1:504949722475:vpc/vpc-044604d0bfb707142",
            "cidr_block": "172.31.0.0/16",
            "cidr_block_associations": [
              {
                "association_id": "vpc-cidr-assoc-021b5a6c5620fbe75",
                "cidr_block": "172.31.0.0/16",
                "state": "associated"
              }
            ],
            "default": true,
            "dhcp_options_id": "dopt-395c7042",
            "enable_dns_hostnames": true,
            "enable_dns_support": true,
            "enable_network_address_usage_metrics": false,
            "filter": null,
            "id": "vpc-044604d0bfb707142",
            "instance_tenancy": "default",
            "ipv6_association_id": "",
            "ipv6_cidr_block": "",
            "main_route_table_id": "rtb-0437898dcbfb3e066",
            "owner_id": "504949722475",
            "state": null,
            "tags": {
              "Name": "default vpc - do not delete"
            },
            "timeouts": null
          },
          "sensitive_attributes": []
        }
      ]
    },
    {
      "mode": "managed",
      "type": "aws_instance",
      "name": "builder",
      "provider": "provider[\"registry.terraform.io/hashicorp/aws\"]",
      "instances": [
        {
          "schema_version": 1,
          "attributes": {
            "ami": "ami-0a25f237e97fa2b5e",
            "arn": "arn:aws:ec2:us-east-1:504949722475:instance/i-0cde8ebc1591e22c8",
            "associate_public_ip_address": true,
            "availability_zone": "us-east-1a",
            "capacity_reservation_specification": [
              {
                "capacity_reservation_preference": "open",
                "capacity_reservation_target": []
              }
            ],
            "cpu_core_count": 1,
            "cpu_options": [
              {
                "amd_sev_snp": "",
                "core_count": 1,
                "threads_per_core": 2
              }
            ],
            "cpu_threads_per_core": 2,
            "credit_specification": [
              {
                "cpu_credits": "unlimited"
              }
            ],
            "disable_api_stop": false,
            "disable_api_termination": false,
            "ebs_block_device": [],
            "ebs_optimized": false,
            "enable_primary_ipv6": null,
            "enclave_options": [
              {
                "enabled": false
              }
            ],
            "ephemeral_block_device": [],
            "get_password_data": false,
            "hibernation": false,
            "host_id": "",
            "host_resource_group_arn": null,
            "iam_instance_profile": "",
            "id": "i-0cde8ebc1591e22c8",
            "instance_initiated_shutdown_behavior": "stop",
            "instance_lifecycle": "",
            "instance_market_options": [],
            "instance_state": "running",
            "instance_type": "t3.medium",
            "ipv6_address_count": 0,
            "ipv6_addresses": [],
            "key_name": "yaniv-roticsfe-key",
            "launch_template": [],
            "maintenance_options": [
              {
                "auto_recovery": "default"
              }
            ],
            "metadata_options": [
              {
                "http_endpoint": "enabled",
                "http_protocol_ipv6": "disabled",
                "http_put_response_hop_limit": 1,
                "http_tokens": "optional",
                "instance_metadata_tags": "disabled"
              }
            ],
            "monitoring": false,
            "network_interface": [],
            "outpost_arn": "",
            "password_data": "",
            "placement_group": "",
            "placement_partition_number": 0,
            "primary_network_interface_id": "eni-083fbc2d8058b1470",
            "private_dns": "ip-172-31-150-234.ec2.internal",
            "private_dns_name_options": [
              {
                "enable_resource_name_dns_a_record": false,
                "enable_resource_name_dns_aaaa_record": false,
                "hostname_type": "ip-name"
              }
            ],
            "private_ip": "172.31.150.234",
            "public_dns": "ec2-34-238-39-188.compute-1.amazonaws.com",
            "public_ip": "34.238.39.188",
            "root_block_device": [
              {
                "delete_on_termination": true,
                "device_name": "/dev/sda1",
                "encrypted": false,
                "iops": 100,
                "kms_key_id": "",
                "tags": {},
                "tags_all": {},
                "throughput": 0,
                "volume_id": "vol-02e096014d154be02",
                "volume_size": 8,
                "volume_type": "gp2"
              }
            ],
            "secondary_private_ips": [],
            "security_groups": [
              "yaniv-roticsfe-sg"
            ],
            "source_dest_check": true,
            "spot_instance_request_id": "",
            "subnet_id": "subnet-0c4c7c7a979f662f2",
            "tags": {
              "Name": "builder"
            },
            "tags_all": {
              "Name": "builder"
            },
            "tenancy": "default",
            "timeouts": null,
            "user_data": null,
            "user_data_base64": null,
            "user_data_replace_on_change": false,
            "volume_tags": null,
            "vpc_security_group_ids": [
              "sg-0c6ffe98b8d4f9f92"
            ]
          },
          "sensitive_attributes": [
            [
              {
                "type": "get_attr",
                "value": "ami"
              }
            ]
          ],
          "private": "eyJlMmJmYjczMC1lY2FhLTExZTYtOGY4OC0zNDM2M2JjN2M0YzAiOnsiY3JlYXRlIjo2MDAwMDAwMDAwMDAsImRlbGV0ZSI6MTIwMDAwMDAwMDAwMCwicmVhZCI6OTAwMDAwMDAwMDAwLCJ1cGRhdGUiOjYwMDAwMDAwMDAwMH0sInNjaGVtYV92ZXJzaW9uIjoiMSJ9",
          "dependencies": [
            "aws_key_pair.builder_key",
            "aws_security_group.builder_sg",
            "aws_subnet.main",
            "data.aws_ssm_parameter.ubuntu_ami",
            "tls_private_key.ssh_key"
          ]
        }
      ]
    },
    {
      "mode": "managed",
      "type": "aws_key_pair",
      "name": "builder_key",
      "provider": "provider[\"registry.terraform.io/hashicorp/aws\"]",
      "instances": [
        {
          "schema_version": 1,
          "attributes": {
            "arn": "arn:aws:ec2:us-east-1:504949722475:key-pair/yaniv-roticsfe-key",
            "fingerprint": "04:a1:c6:05:91:e5:1f:3d:e8:6c:54:61:64:e1:23:b6",
            "id": "yaniv-roticsfe-key",
            "key_name": "yaniv-roticsfe-key",
            "key_name_prefix": "",
            "key_pair_id": "key-01ff653c26e195a02",
            "key_type": "rsa",
            "public_key": "ssh-rsa AAAAB3NzaC1yc2EAAAADAQABAAACAQDVZ/yOg0m63f5T45CkL3mxeqRb0vj05hHR914p0c/LLvh6Vh56/qPUaC8HVnvApTfeFrF9X6MX/llyfi/DW66LwvqJuH9YOYbZpDC8wqcu3b6SrNgTGj0EtlQq6XcQMMZBe3mSj523Joy0KNC9TmXinn+M/h3MmmwNMdZH9zyqRNi4acV/Wiy9clGUeHbU4RMgt+2Qvh3nQJudZDKFsZ9Imxfr48RT3SFdCTE1m3bUWHO/UomjjcVavoo2XXIRPg4S7xfKfv60gHKWRuq68JN+94cueH9svaQMeWOKSk7SyIBPmY/Cl413X/b9oIfM0vaRb+H+W61u08ftlc2GeFzyqiM0AutWYgjsVV3vv+/dzZlVl+uygrqP1f7DrIezvL2jb2cdt4hBPVyccprLQgVQ2y8H9ojUVOhDN6SG5aDQ/Q7f1/bH+bwUAvyWna1es1j1eKxkjYltuAUSNCTwUH/2HpcD1SsLi9ki8KWVwp/8eHVGx7kZjnPkVC00jc+0Qw/oUWoIE0b3ZOLQP+0EkuqGNKgQnuXFPFvPOGuNxaehO5QpIh77x1ORLrrJTmw0BuV4wLc7C7CbZvjcniUcJJ21+UB5WB0pHfVff6NhdmI2I3BQh6uABRB5on9fW+GklFKfV0gvJjugHz1e/4bbs67ut0hNuAQe61y21tGbNJO53w==",
            "tags": null,
            "tags_all": {}
          },
          "sensitive_attributes": [],
          "private": "eyJzY2hlbWFfdmVyc2lvbiI6IjEifQ==",
          "dependencies": [
            "tls_private_key.ssh_key"
          ]
        }
      ]
    },
    {
      "mode": "managed",
      "type": "aws_route_table",
      "name": "main",
      "provider": "provider[\"registry.terraform.io/hashicorp/aws\"]",
      "instances": [
        {
          "schema_version": 0,
          "attributes": {
            "arn": "arn:aws:ec2:us-east-1:504949722475:route-table/rtb-021fa2da4d5e4605a",
            "id": "rtb-021fa2da4d5e4605a",
            "owner_id": "504949722475",
            "propagating_vgws": [],
            "route": [
              {
                "carrier_gateway_id": "",
                "cidr_block": "0.0.0.0/0",
                "core_network_arn": "",
                "destination_prefix_list_id": "",
                "egress_only_gateway_id": "",
                "gateway_id": "igw-0c3d8c45c5bd39e34",
                "ipv6_cidr_block": "",
                "local_gateway_id": "",
                "nat_gateway_id": "",
                "network_interface_id": "",
                "transit_gateway_id": "",
                "vpc_endpoint_id": "",
                "vpc_peering_connection_id": ""
              }
            ],
            "tags": {
              "Name": "yaniv-roticsfe-route-table"
            },
            "tags_all": {
              "Name": "yaniv-roticsfe-route-table"
            },
            "timeouts": null,
            "vpc_id": "vpc-044604d0bfb707142"
          },
          "sensitive_attributes": [],
          "private": "eyJlMmJmYjczMC1lY2FhLTExZTYtOGY4OC0zNDM2M2JjN2M0YzAiOnsiY3JlYXRlIjozMDAwMDAwMDAwMDAsImRlbGV0ZSI6MzAwMDAwMDAwMDAwLCJ1cGRhdGUiOjEyMDAwMDAwMDAwMH19"
        }
      ]
    },
    {
      "mode": "managed",
      "type": "aws_route_table_association",
      "name": "main",
      "provider": "provider[\"registry.terraform.io/hashicorp/aws\"]",
      "instances": [
        {
          "schema_version": 0,
          "attributes": {
            "gateway_id": "",
            "id": "rtbassoc-07d3635213357dee5",
            "route_table_id": "rtb-021fa2da4d5e4605a",
            "subnet_id": "subnet-0c4c7c7a979f662f2",
            "timeouts": null
          },
          "sensitive_attributes": [],
          "private": "eyJlMmJmYjczMC1lY2FhLTExZTYtOGY4OC0zNDM2M2JjN2M0YzAiOnsiY3JlYXRlIjozMDAwMDAwMDAwMDAsImRlbGV0ZSI6MzAwMDAwMDAwMDAwLCJ1cGRhdGUiOjEyMDAwMDAwMDAwMH19",
          "dependencies": [
            "aws_route_table.main",
            "aws_subnet.main"
          ]
        }
      ]
    },
    {
      "mode": "managed",
      "type": "aws_security_group",
      "name": "builder_sg",
      "provider": "provider[\"registry.terraform.io/hashicorp/aws\"]",
      "instances": [
        {
          "schema_version": 1,
          "attributes": {
            "arn": "arn:aws:ec2:us-east-1:504949722475:security-group/sg-0c6ffe98b8d4f9f92",
            "description": "Managed by Terraform",
            "egress": [
              {
                "cidr_blocks": [
                  "0.0.0.0/0"
                ],
                "description": "",
                "from_port": 0,
                "ipv6_cidr_blocks": [],
                "prefix_list_ids": [],
                "protocol": "-1",
                "security_groups": [],
                "self": false,
                "to_port": 0
              }
            ],
            "id": "sg-0c6ffe98b8d4f9f92",
            "ingress": [
              {
                "cidr_blocks": [
                  "0.0.0.0/0"
                ],
                "description": "",
                "from_port": 5001,
                "ipv6_cidr_blocks": [],
                "prefix_list_ids": [],
                "protocol": "tcp",
                "security_groups": [],
                "self": false,
                "to_port": 5001
              },
              {
                "cidr_blocks": [
                  "0.0.0.0/0"
                ],
                "description": "",
                "from_port": 8080,
                "ipv6_cidr_blocks": [],
                "prefix_list_ids": [],
                "protocol": "tcp",
                "security_groups": [],
                "self": false,
                "to_port": 8080
              },
              {
                "cidr_blocks": [
                  "54.202.56.153/32"
                ],
                "description": "",
                "from_port": 22,
                "ipv6_cidr_blocks": [],
                "prefix_list_ids": [],
                "protocol": "tcp",
                "security_groups": [],
                "self": false,
                "to_port": 22
              }
            ],
            "name": "yaniv-roticsfe-sg",
            "name_prefix": "",
            "owner_id": "504949722475",
            "revoke_rules_on_delete": false,
            "tags": null,
            "tags_all": {},
            "timeouts": null,
            "vpc_id": "vpc-044604d0bfb707142"
          },
          "sensitive_attributes": [],
          "private": "eyJlMmJmYjczMC1lY2FhLTExZTYtOGY4OC0zNDM2M2JjN2M0YzAiOnsiY3JlYXRlIjo2MDAwMDAwMDAwMDAsImRlbGV0ZSI6OTAwMDAwMDAwMDAwfSwic2NoZW1hX3ZlcnNpb24iOiIxIn0="
        }
      ]
    },
    {
      "mode": "managed",
      "type": "aws_subnet",
      "name": "main",
      "provider": "provider[\"registry.terraform.io/hashicorp/aws\"]",
      "instances": [
        {
          "schema_version": 1,
          "attributes": {
            "arn": "arn:aws:ec2:us-east-1:504949722475:subnet/subnet-0c4c7c7a979f662f2",
            "assign_ipv6_address_on_creation": false,
            "availability_zone": "us-east-1a",
            "availability_zone_id": "use1-az2",
            "cidr_block": "172.31.144.0/20",
            "customer_owned_ipv4_pool": "",
            "enable_dns64": false,
            "enable_lni_at_device_index": 0,
            "enable_resource_name_dns_a_record_on_launch": false,
            "enable_resource_name_dns_aaaa_record_on_launch": false,
            "id": "subnet-0c4c7c7a979f662f2",
            "ipv6_cidr_block": "",
            "ipv6_cidr_block_association_id": "",
            "ipv6_native": false,
            "map_customer_owned_ip_on_launch": false,
            "map_public_ip_on_launch": true,
            "outpost_arn": "",
            "owner_id": "504949722475",
            "private_dns_hostname_type_on_launch": "ip-name",
            "tags": {
              "Name": "yaniv-roticsfe-subnet"
            },
            "tags_all": {
              "Name": "yaniv-roticsfe-subnet"
            },
            "timeouts": null,
            "vpc_id": "vpc-044604d0bfb707142"
          },
          "sensitive_attributes": [],
          "private": "eyJlMmJmYjczMC1lY2FhLTExZTYtOGY4OC0zNDM2M2JjN2M0YzAiOnsiY3JlYXRlIjo2MDAwMDAwMDAwMDAsImRlbGV0ZSI6MTIwMDAwMDAwMDAwMH0sInNjaGVtYV92ZXJzaW9uIjoiMSJ9"
        }
      ]
    },
    {
      "mode": "managed",
      "type": "local_file",
      "name": "private_key",
      "provider": "provider[\"registry.terraform.io/hashicorp/local\"]",
      "instances": [
        {
          "schema_version": 0,
          "attributes": {
            "content": "-----BEGIN RSA PRIVATE KEY-----\nMIIJKgIBAAKCAgEA1Wf8joNJut3+U+OQpC95sXqkW9L49OYR0fdeKdHPyy74elYe\nev6j1GgvB1Z7wKU33haxfV+jF/5Zcn4vw1uui8L6ibh/WDmG2aQwvMKnLt2+kqzY\nExo9BLZUKul3EDDGQXt5ko+dtyaMtCjQvU5l4p5/jP4dzJpsDTHWR/c8qkTYuGnF\nf1osvXJRlHh21OETILftkL4d50CbnWQyhbGfSJsX6+PEU90hXQkxNZt21Fhzv1KJ\no43FWr6KNl1yET4OEu8Xyn7+tIBylkbquvCTfveHLnh/bL2kDHljikpO0siAT5mP\nwpeNd1/2/aCHzNL2kW/h/lutbtPH7ZXNhnhc8qojNALrVmII7FVd77/v3c2ZVZfr\nsoK6j9X+w6yHs7y9o29nHbeIQT1cnHKay0IFUNsvB/aI1FToQzekhuWg0P0O39f2\nx/m8FAL8lp2tXrNY9XisZI2JbbgFEjQk8FB/9h6XA9UrC4vZIvCllcKf/Hh1Rse5\nGY5z5FQtNI3PtEMP6FFqCBNG92Ti0D/tBJLqhjSoEJ7lxTxbzzhrjcWnoTuUKSIe\n+8dTkS66yU5sNAbleMC3Owuwm2b43J4lHCSdtflAeVgdKR31X3+jYXZiNiNwUIer\ngAUQeaJ/X1vhpJRSn1dILyY7oB89Xv+G27Ou7rdITbgEHutcttbRmzSTud8CAwEA\nAQKCAgAc++uUW4Z3B9GUCTNK6VvI3BRYmFXRxTGkZ8l1OpbTTMTYsLuhDtancaL5\nhyh1qLrmwgRHN+cJyjTR1Qudp+UT/F5UuCcrj1yeUKuB55oXRmystSb/qS+iZTUX\nQvA11boHiMKhQjo0dtrjWSvImk5CMi62sojPkiWcwSkOSykFIyagHVWCj3fGHzGv\nTZEuJoeXiQOOBhQ/pUm9Xa9y8wXkMZRVKHEwxrbSUP5K/ptsCbtmv8oL2aR1R62z\n5osohloY/jon+YmUcGGfwW/+BdCyjOHiUOFVnogaXZ5EWQVNoYezx/J7hmPjU7hT\nCCuJiRmN9Tknd8IdbEwaG593ZP+Sgi8rbjDCIRDmIokMz2ismEpV3gDtXArZk3XV\nyKw9/F+nn84mqwbqVjRjv77ZO5ELfnom8hP+Zt/ZMpprnLO+lKng49m5uI0FmRE2\nqXa08f/TFHY3juQVUX8dBqaGU7sqERivENns4siF2C9VApNG9HdH9jSOX/IEOMhf\nI6uzUUBSwq7r92gpDDayN/5FdXjKK8NMBcvP2TFDQpZX+yi3dqHF/cTEb9LeqkAb\nP4M7+tEjTDeDpfkMnmDdjaCUcOxw4Qngin3uQE9MNehKu/GDfFK/e3hqK3RqAfMp\nMCPlYQvFL31bbphBGZlkZRBBBG7tN2fUS5pyB2pit0rH3B73OQKCAQEA3dQTpmEH\nLPyKPBVzfvpHZ/nYfgzOVMeVhcuXv9gHH+4fWIwRQOT6Gqh7pJ/4+OeAZKg4HOlS\nte+8pgmMJZq9lq8aUAsU5P5mwZ/P8jCVX84bikxPac9VpebZm+ObT5YcmLvhpdgu\n+DqweEV/sWIOHq5M6HBb5T0cgQATTimyeba/M8XkA0Bi91UrAJc9tIkWknVXqE7j\nlJ6mmtr6VSUV2hfEtW/5hlq3d7aJKPMsmCsxdRf6K9PSI0e1UYYShza27pSFWmkH\nTnXQlMg1VG5BeqcCCeFSJG95dr7vJl+8bZxK9IxVG8ORjMbnhpBxi67VCW4hPwFU\nv97QLvG2oU1zCwKCAQEA9kfGVGyeeiGLnew18vmObmWlafm29+bLTycVw51zIXc/\nxOTQUcdGpKchLLNhVHgQYh3Z/vwwSghtph9yEz9NOeWNDXCAIz5n6RJ3RULK+WJE\ne1LSwamxwHuBkVY2idu75EjwChQkUIIZhXw1a1defxocfHnRoqUwQt3AlRKbr+Bk\nw/lehh0sN32G6ea/QSNaDA2gkkbDmZ04nF5BxejUKhX1BLEEIpAlo9b3eo/okhme\nBx6GHdJqUAuUWJxVAt+2CG9z0n3IEeQmDLFzZSjruCqq5MGlyPiBq54Qr4mDdhZ4\nal5aQgs8Gs26J93+ki/adAqsTVSnUNcVoaXgwMAY/QKCAQEAoqDrswvphdqzwa78\nWLhGh30NcgQTdOZJwahsXXKUbp1WD8XIlGoKzmZ9F0lM77ZRU/pcAR4xzD6xcI0J\nWTxkCEfho5MsQ2IblZKDkox5xp5FZJPjmLAvm4xuNzKb17I2zubXXI3siYIFhHd3\nUWWQ8n9Y1QQi6yJtdknG3YQGW+NVtDA9pQCcTbX769f1nhjvGnq6xCLqCDhz7o3h\n/3BL3/OS/G3WYuC5JyQE1KfLJthrzuvANkd6BPF6hgUkKks7vBfY2Fqtx6DqRVmu\nd3LJwJEWFoZBgYLUavE6RUjkzPtLnJQRhWRQngPpE6dsBzsq5ln+N8HTD0PcHr6I\n5SLx1wKCAQEA7cqTdoSB585n7g1accX/fhxqwI452dZfy4cjfoKR3Wg0jDmZ4rwU\nO3qbj3uLqHFc8D9+crKxNWo55MJL9MWUHSjFLorHTkA9OE96FcfOD0iQcrqfgBoG\n5KDbk6a4dhdRrbO3ASQ9g/Z6CebJ9WCgfvyJMK62eOIiXQ2bmtQiuohhAs/OMpQM\nU2/CSilf1Nb7ZNPrjBEDX1jshh6ER0DtSc11jBgWtACWN0GiJha5KgfOC3WvbS/z\nMmJb08ruUh4Kts5V+JE2EgBFtM/JaY0/O80GwGUxW4CGQ1wVJEgURHqhvaJoZ4hN\nelvVOBUibagCtzRu9SOdgXKLEk8FWVahSQKCAQEAjwuhT7tm+FumiB0T2F6+jbKJ\npGMmzCB0q3QnUMtoA+ivorS0gzEIdVreshYzPNmM8yZ0cOimF+q3WCVYbTdzaKoV\nnA+VSC5sJsGtuB7yGGmACE01YGA5IVBphOuSt9EgxvpmuK6wUf4nAgIswqbo6335\nGoKtd04XCmzTHOl4dV5FbhsLQVVXdJfk2gF/7gNjoSxQf47X+KFEhYFPOwvgPOQu\nHDQFxtlv2r7WWKKYRw7q+pak3nKiyAUTtJ18KTemEcLnW5nop/DpHvv0J9+fkoGr\nuc4QLk8vXCzTfAEL/+dvt1+WlRjlh9fUN1r9qNN/vOkrc1JAJk8QlN1eRCoFvw==\n-----END RSA PRIVATE KEY-----\n",
            "content_base64": null,
            "content_base64sha256": "Ffwi27Y0QWBkh+Mj6aGdl/ogG1mQLqo539cA+twZAew=",
            "content_base64sha512": "XLrvPVi83P4Kbpi3VqYNNQ94eho8GbewVqvgDUee0zub/a2yKWKiQnK6mLJurRNuH0er2S0UwAoGEz3RHuC1UQ==",
            "content_md5": "225b166750a86b82836ef62fca490a28",
            "content_sha1": "34a265a86922d068b86d619920f2c2f407bb12fb",
            "content_sha256": "15fc22dbb63441606487e323e9a19d97fa201b59902eaa39dfd700fadc1901ec",
            "content_sha512": "5cbaef3d58bcdcfe0a6e98b756a60d350f787a1a3c19b7b056abe00d479ed33b9bfdadb22962a24272ba98b26ead136e1f47abd92d14c00a06133dd11ee0b551",
            "directory_permission": "0777",
            "file_permission": "0600",
            "filename": "./builder_key.pem",
            "id": "34a265a86922d068b86d619920f2c2f407bb12fb",
            "sensitive_content": null,
            "source": null
          },
          "sensitive_attributes": [
            [
              {
                "type": "get_attr",
                "value": "content"
              }
            ],
            [
              {
                "type": "get_attr",
                "value": "sensitive_content"
              }
            ]
          ],
          "dependencies": [
            "tls_private_key.ssh_key"
          ]
        }
      ]
    },
    {
      "mode": "managed",
      "type": "tls_private_key",
      "name": "ssh_key",
      "provider": "provider[\"registry.terraform.io/hashicorp/tls\"]",
      "instances": [
        {
          "schema_version": 1,
          "attributes": {
            "algorithm": "RSA",
            "ecdsa_curve": "P224",
            "id": "f6cba82a1c26c50b7b23f8dbc5053475fbb21fba",
            "private_key_openssh": "-----BEGIN OPENSSH PRIVATE KEY-----\nb3BlbnNzaC1rZXktdjEAAAAABG5vbmUAAAAEbm9uZQAAAAAAAAABAAACFwAAAAdz\nc2gtcnNhAAAAAwEAAQAAAgEA1Wf8joNJut3+U+OQpC95sXqkW9L49OYR0fdeKdHP\nyy74elYeev6j1GgvB1Z7wKU33haxfV+jF/5Zcn4vw1uui8L6ibh/WDmG2aQwvMKn\nLt2+kqzYExo9BLZUKul3EDDGQXt5ko+dtyaMtCjQvU5l4p5/jP4dzJpsDTHWR/c8\nqkTYuGnFf1osvXJRlHh21OETILftkL4d50CbnWQyhbGfSJsX6+PEU90hXQkxNZt2\n1Fhzv1KJo43FWr6KNl1yET4OEu8Xyn7+tIBylkbquvCTfveHLnh/bL2kDHljikpO\n0siAT5mPwpeNd1/2/aCHzNL2kW/h/lutbtPH7ZXNhnhc8qojNALrVmII7FVd77/v\n3c2ZVZfrsoK6j9X+w6yHs7y9o29nHbeIQT1cnHKay0IFUNsvB/aI1FToQzekhuWg\n0P0O39f2x/m8FAL8lp2tXrNY9XisZI2JbbgFEjQk8FB/9h6XA9UrC4vZIvCllcKf\n/Hh1Rse5GY5z5FQtNI3PtEMP6FFqCBNG92Ti0D/tBJLqhjSoEJ7lxTxbzzhrjcWn\noTuUKSIe+8dTkS66yU5sNAbleMC3Owuwm2b43J4lHCSdtflAeVgdKR31X3+jYXZi\nNiNwUIergAUQeaJ/X1vhpJRSn1dILyY7oB89Xv+G27Ou7rdITbgEHutcttbRmzST\nud8AAAc4PQqnLz0Kpy8AAAAHc3NoLXJzYQAAAgEA1Wf8joNJut3+U+OQpC95sXqk\nW9L49OYR0fdeKdHPyy74elYeev6j1GgvB1Z7wKU33haxfV+jF/5Zcn4vw1uui8L6\nibh/WDmG2aQwvMKnLt2+kqzYExo9BLZUKul3EDDGQXt5ko+dtyaMtCjQvU5l4p5/\njP4dzJpsDTHWR/c8qkTYuGnFf1osvXJRlHh21OETILftkL4d50CbnWQyhbGfSJsX\n6+PEU90hXQkxNZt21Fhzv1KJo43FWr6KNl1yET4OEu8Xyn7+tIBylkbquvCTfveH\nLnh/bL2kDHljikpO0siAT5mPwpeNd1/2/aCHzNL2kW/h/lutbtPH7ZXNhnhc8qoj\nNALrVmII7FVd77/v3c2ZVZfrsoK6j9X+w6yHs7y9o29nHbeIQT1cnHKay0IFUNsv\nB/aI1FToQzekhuWg0P0O39f2x/m8FAL8lp2tXrNY9XisZI2JbbgFEjQk8FB/9h6X\nA9UrC4vZIvCllcKf/Hh1Rse5GY5z5FQtNI3PtEMP6FFqCBNG92Ti0D/tBJLqhjSo\nEJ7lxTxbzzhrjcWnoTuUKSIe+8dTkS66yU5sNAbleMC3Owuwm2b43J4lHCSdtflA\neVgdKR31X3+jYXZiNiNwUIergAUQeaJ/X1vhpJRSn1dILyY7oB89Xv+G27Ou7rdI\nTbgEHutcttbRmzSTud8AAAADAQABAAACABz765RbhncH0ZQJM0rpW8jcFFiYVdHF\nMaRnyXU6ltNMxNiwu6EO1qdxovmHKHWouubCBEc35wnKNNHVC52n5RP8XlS4JyuP\nXJ5Qq4HnmhdGbKy1Jv+pL6JlNRdC8DXVugeIwqFCOjR22uNZK8iaTkIyLrayiM+S\nJZzBKQ5LKQUjJqAdVYKPd8YfMa9NkS4mh5eJA44GFD+lSb1dr3LzBeQxlFUocTDG\nttJQ/kr+m2wJu2a/ygvZpHVHrbPmiyiGWhj+Oif5iZRwYZ/Bb/4F0LKM4eJQ4VWe\niBpdnkRZBU2hh7PH8nuGY+NTuFMIK4mJGY31OSd3wh1sTBobn3dk/5KCLytuMMIh\nEOYiiQzPaKyYSlXeAO1cCtmTddXIrD38X6efziarBupWNGO/vtk7kQt+eibyE/5m\n39kymmucs76UqeDj2bm4jQWZETapdrTx/9MUdjeO5BVRfx0GpoZTuyoRGK8Q2ezi\nyIXYL1UCk0b0d0f2NI5f8gQ4yF8jq7NRQFLCruv3aCkMNrI3/kV1eMorw0wFy8/Z\nMUNCllf7KLd2ocX9xMRv0t6qQBs/gzv60SNMN4Ol+QyeYN2NoJRw7HDhCeCKfe5A\nT0w16Eq78YN8Ur97eGordGoB8ykwI+VhC8UvfVtumEEZmWRlEEEEbu03Z9RLmnIH\namK3SsfcHvc5AAABAQCPC6FPu2b4W6aIHRPYXr6NsomkYybMIHSrdCdQy2gD6K+i\ntLSDMQh1Wt6yFjM82YzzJnRw6KYX6rdYJVhtN3NoqhWcD5VILmwmwa24HvIYaYAI\nTTVgYDkhUGmE65K30SDG+ma4rrBR/icCAizCpujrffkagq13ThcKbNMc6Xh1XkVu\nGwtBVVd0l+TaAX/uA2OhLFB/jtf4oUSFgU87C+A85C4cNAXG2W/avtZYophHDur6\nlqTecqLIBRO0nXwpN6YRwudbmein8Oke+/Qn35+Sgau5zhAuTy9cLNN8AQv/52+3\nX5aVGOWH19Q3Wv2o03+86StzUkAmTxCU3V5EKgW/AAABAQDd1BOmYQcs/Io8FXN+\n+kdn+dh+DM5Ux5WFy5e/2Acf7h9YjBFA5PoaqHukn/j454BkqDgc6VK177ymCYwl\nmr2WrxpQCxTk/mbBn8/yMJVfzhuKTE9pz1Wl5tmb45tPlhyYu+Gl2C74OrB4RX+x\nYg4erkzocFvlPRyBABNOKbJ5tr8zxeQDQGL3VSsAlz20iRaSdVeoTuOUnqaa2vpV\nJRXaF8S1b/mGWrd3toko8yyYKzF1F/or09IjR7VRhhKHNrbulIVaaQdOddCUyDVU\nbkF6pwIJ4VIkb3l2vu8mX7xtnEr0jFUbw5GMxueGkHGLrtUJbiE/AVS/3tAu8bah\nTXMLAAABAQD2R8ZUbJ56IYud7DXy+Y5uZaVp+bb35stPJxXDnXMhdz/E5NBRx0ak\npyEss2FUeBBiHdn+/DBKCG2mH3ITP0055Y0NcIAjPmfpEndFQsr5YkR7UtLBqbHA\ne4GRVjaJ27vkSPAKFCRQghmFfDVrV15/Ghx8edGipTBC3cCVEpuv4GTD+V6GHSw3\nfYbp5r9BI1oMDaCSRsOZnTicXkHF6NQqFfUEsQQikCWj1vd6j+iSGZ4HHoYd0mpQ\nC5RYnFUC37YIb3PSfcgR5CYMsXNlKOu4KqrkwaXI+IGrnhCviYN2FnhqXlpCCzwa\nzbon3f6SL9p0CqxNVKdQ1xWhpeDAwBj9AAAAAAEC\n-----END OPENSSH PRIVATE KEY-----\n",
            "private_key_pem": "-----BEGIN RSA PRIVATE KEY-----\nMIIJKgIBAAKCAgEA1Wf8joNJut3+U+OQpC95sXqkW9L49OYR0fdeKdHPyy74elYe\nev6j1GgvB1Z7wKU33haxfV+jF/5Zcn4vw1uui8L6ibh/WDmG2aQwvMKnLt2+kqzY\nExo9BLZUKul3EDDGQXt5ko+dtyaMtCjQvU5l4p5/jP4dzJpsDTHWR/c8qkTYuGnF\nf1osvXJRlHh21OETILftkL4d50CbnWQyhbGfSJsX6+PEU90hXQkxNZt21Fhzv1KJ\no43FWr6KNl1yET4OEu8Xyn7+tIBylkbquvCTfveHLnh/bL2kDHljikpO0siAT5mP\nwpeNd1/2/aCHzNL2kW/h/lutbtPH7ZXNhnhc8qojNALrVmII7FVd77/v3c2ZVZfr\nsoK6j9X+w6yHs7y9o29nHbeIQT1cnHKay0IFUNsvB/aI1FToQzekhuWg0P0O39f2\nx/m8FAL8lp2tXrNY9XisZI2JbbgFEjQk8FB/9h6XA9UrC4vZIvCllcKf/Hh1Rse5\nGY5z5FQtNI3PtEMP6FFqCBNG92Ti0D/tBJLqhjSoEJ7lxTxbzzhrjcWnoTuUKSIe\n+8dTkS66yU5sNAbleMC3Owuwm2b43J4lHCSdtflAeVgdKR31X3+jYXZiNiNwUIer\ngAUQeaJ/X1vhpJRSn1dILyY7oB89Xv+G27Ou7rdITbgEHutcttbRmzSTud8CAwEA\nAQKCAgAc++uUW4Z3B9GUCTNK6VvI3BRYmFXRxTGkZ8l1OpbTTMTYsLuhDtancaL5\nhyh1qLrmwgRHN+cJyjTR1Qudp+UT/F5UuCcrj1yeUKuB55oXRmystSb/qS+iZTUX\nQvA11boHiMKhQjo0dtrjWSvImk5CMi62sojPkiWcwSkOSykFIyagHVWCj3fGHzGv\nTZEuJoeXiQOOBhQ/pUm9Xa9y8wXkMZRVKHEwxrbSUP5K/ptsCbtmv8oL2aR1R62z\n5osohloY/jon+YmUcGGfwW/+BdCyjOHiUOFVnogaXZ5EWQVNoYezx/J7hmPjU7hT\nCCuJiRmN9Tknd8IdbEwaG593ZP+Sgi8rbjDCIRDmIokMz2ismEpV3gDtXArZk3XV\nyKw9/F+nn84mqwbqVjRjv77ZO5ELfnom8hP+Zt/ZMpprnLO+lKng49m5uI0FmRE2\nqXa08f/TFHY3juQVUX8dBqaGU7sqERivENns4siF2C9VApNG9HdH9jSOX/IEOMhf\nI6uzUUBSwq7r92gpDDayN/5FdXjKK8NMBcvP2TFDQpZX+yi3dqHF/cTEb9LeqkAb\nP4M7+tEjTDeDpfkMnmDdjaCUcOxw4Qngin3uQE9MNehKu/GDfFK/e3hqK3RqAfMp\nMCPlYQvFL31bbphBGZlkZRBBBG7tN2fUS5pyB2pit0rH3B73OQKCAQEA3dQTpmEH\nLPyKPBVzfvpHZ/nYfgzOVMeVhcuXv9gHH+4fWIwRQOT6Gqh7pJ/4+OeAZKg4HOlS\nte+8pgmMJZq9lq8aUAsU5P5mwZ/P8jCVX84bikxPac9VpebZm+ObT5YcmLvhpdgu\n+DqweEV/sWIOHq5M6HBb5T0cgQATTimyeba/M8XkA0Bi91UrAJc9tIkWknVXqE7j\nlJ6mmtr6VSUV2hfEtW/5hlq3d7aJKPMsmCsxdRf6K9PSI0e1UYYShza27pSFWmkH\nTnXQlMg1VG5BeqcCCeFSJG95dr7vJl+8bZxK9IxVG8ORjMbnhpBxi67VCW4hPwFU\nv97QLvG2oU1zCwKCAQEA9kfGVGyeeiGLnew18vmObmWlafm29+bLTycVw51zIXc/\nxOTQUcdGpKchLLNhVHgQYh3Z/vwwSghtph9yEz9NOeWNDXCAIz5n6RJ3RULK+WJE\ne1LSwamxwHuBkVY2idu75EjwChQkUIIZhXw1a1defxocfHnRoqUwQt3AlRKbr+Bk\nw/lehh0sN32G6ea/QSNaDA2gkkbDmZ04nF5BxejUKhX1BLEEIpAlo9b3eo/okhme\nBx6GHdJqUAuUWJxVAt+2CG9z0n3IEeQmDLFzZSjruCqq5MGlyPiBq54Qr4mDdhZ4\nal5aQgs8Gs26J93+ki/adAqsTVSnUNcVoaXgwMAY/QKCAQEAoqDrswvphdqzwa78\nWLhGh30NcgQTdOZJwahsXXKUbp1WD8XIlGoKzmZ9F0lM77ZRU/pcAR4xzD6xcI0J\nWTxkCEfho5MsQ2IblZKDkox5xp5FZJPjmLAvm4xuNzKb17I2zubXXI3siYIFhHd3\nUWWQ8n9Y1QQi6yJtdknG3YQGW+NVtDA9pQCcTbX769f1nhjvGnq6xCLqCDhz7o3h\n/3BL3/OS/G3WYuC5JyQE1KfLJthrzuvANkd6BPF6hgUkKks7vBfY2Fqtx6DqRVmu\nd3LJwJEWFoZBgYLUavE6RUjkzPtLnJQRhWRQngPpE6dsBzsq5ln+N8HTD0PcHr6I\n5SLx1wKCAQEA7cqTdoSB585n7g1accX/fhxqwI452dZfy4cjfoKR3Wg0jDmZ4rwU\nO3qbj3uLqHFc8D9+crKxNWo55MJL9MWUHSjFLorHTkA9OE96FcfOD0iQcrqfgBoG\n5KDbk6a4dhdRrbO3ASQ9g/Z6CebJ9WCgfvyJMK62eOIiXQ2bmtQiuohhAs/OMpQM\nU2/CSilf1Nb7ZNPrjBEDX1jshh6ER0DtSc11jBgWtACWN0GiJha5KgfOC3WvbS/z\nMmJb08ruUh4Kts5V+JE2EgBFtM/JaY0/O80GwGUxW4CGQ1wVJEgURHqhvaJoZ4hN\nelvVOBUibagCtzRu9SOdgXKLEk8FWVahSQKCAQEAjwuhT7tm+FumiB0T2F6+jbKJ\npGMmzCB0q3QnUMtoA+ivorS0gzEIdVreshYzPNmM8yZ0cOimF+q3WCVYbTdzaKoV\nnA+VSC5sJsGtuB7yGGmACE01YGA5IVBphOuSt9EgxvpmuK6wUf4nAgIswqbo6335\nGoKtd04XCmzTHOl4dV5FbhsLQVVXdJfk2gF/7gNjoSxQf47X+KFEhYFPOwvgPOQu\nHDQFxtlv2r7WWKKYRw7q+pak3nKiyAUTtJ18KTemEcLnW5nop/DpHvv0J9+fkoGr\nuc4QLk8vXCzTfAEL/+dvt1+WlRjlh9fUN1r9qNN/vOkrc1JAJk8QlN1eRCoFvw==\n-----END RSA PRIVATE KEY-----\n",
            "private_key_pem_pkcs8": "-----BEGIN PRIVATE KEY-----\nMIIJRAIBADANBgkqhkiG9w0BAQEFAASCCS4wggkqAgEAAoICAQDVZ/yOg0m63f5T\n45CkL3mxeqRb0vj05hHR914p0c/LLvh6Vh56/qPUaC8HVnvApTfeFrF9X6MX/lly\nfi/DW66LwvqJuH9YOYbZpDC8wqcu3b6SrNgTGj0EtlQq6XcQMMZBe3mSj523Joy0\nKNC9TmXinn+M/h3MmmwNMdZH9zyqRNi4acV/Wiy9clGUeHbU4RMgt+2Qvh3nQJud\nZDKFsZ9Imxfr48RT3SFdCTE1m3bUWHO/UomjjcVavoo2XXIRPg4S7xfKfv60gHKW\nRuq68JN+94cueH9svaQMeWOKSk7SyIBPmY/Cl413X/b9oIfM0vaRb+H+W61u08ft\nlc2GeFzyqiM0AutWYgjsVV3vv+/dzZlVl+uygrqP1f7DrIezvL2jb2cdt4hBPVyc\ncprLQgVQ2y8H9ojUVOhDN6SG5aDQ/Q7f1/bH+bwUAvyWna1es1j1eKxkjYltuAUS\nNCTwUH/2HpcD1SsLi9ki8KWVwp/8eHVGx7kZjnPkVC00jc+0Qw/oUWoIE0b3ZOLQ\nP+0EkuqGNKgQnuXFPFvPOGuNxaehO5QpIh77x1ORLrrJTmw0BuV4wLc7C7CbZvjc\nniUcJJ21+UB5WB0pHfVff6NhdmI2I3BQh6uABRB5on9fW+GklFKfV0gvJjugHz1e\n/4bbs67ut0hNuAQe61y21tGbNJO53wIDAQABAoICABz765RbhncH0ZQJM0rpW8jc\nFFiYVdHFMaRnyXU6ltNMxNiwu6EO1qdxovmHKHWouubCBEc35wnKNNHVC52n5RP8\nXlS4JyuPXJ5Qq4HnmhdGbKy1Jv+pL6JlNRdC8DXVugeIwqFCOjR22uNZK8iaTkIy\nLrayiM+SJZzBKQ5LKQUjJqAdVYKPd8YfMa9NkS4mh5eJA44GFD+lSb1dr3LzBeQx\nlFUocTDGttJQ/kr+m2wJu2a/ygvZpHVHrbPmiyiGWhj+Oif5iZRwYZ/Bb/4F0LKM\n4eJQ4VWeiBpdnkRZBU2hh7PH8nuGY+NTuFMIK4mJGY31OSd3wh1sTBobn3dk/5KC\nLytuMMIhEOYiiQzPaKyYSlXeAO1cCtmTddXIrD38X6efziarBupWNGO/vtk7kQt+\neibyE/5m39kymmucs76UqeDj2bm4jQWZETapdrTx/9MUdjeO5BVRfx0GpoZTuyoR\nGK8Q2eziyIXYL1UCk0b0d0f2NI5f8gQ4yF8jq7NRQFLCruv3aCkMNrI3/kV1eMor\nw0wFy8/ZMUNCllf7KLd2ocX9xMRv0t6qQBs/gzv60SNMN4Ol+QyeYN2NoJRw7HDh\nCeCKfe5AT0w16Eq78YN8Ur97eGordGoB8ykwI+VhC8UvfVtumEEZmWRlEEEEbu03\nZ9RLmnIHamK3SsfcHvc5AoIBAQDd1BOmYQcs/Io8FXN++kdn+dh+DM5Ux5WFy5e/\n2Acf7h9YjBFA5PoaqHukn/j454BkqDgc6VK177ymCYwlmr2WrxpQCxTk/mbBn8/y\nMJVfzhuKTE9pz1Wl5tmb45tPlhyYu+Gl2C74OrB4RX+xYg4erkzocFvlPRyBABNO\nKbJ5tr8zxeQDQGL3VSsAlz20iRaSdVeoTuOUnqaa2vpVJRXaF8S1b/mGWrd3toko\n8yyYKzF1F/or09IjR7VRhhKHNrbulIVaaQdOddCUyDVUbkF6pwIJ4VIkb3l2vu8m\nX7xtnEr0jFUbw5GMxueGkHGLrtUJbiE/AVS/3tAu8bahTXMLAoIBAQD2R8ZUbJ56\nIYud7DXy+Y5uZaVp+bb35stPJxXDnXMhdz/E5NBRx0akpyEss2FUeBBiHdn+/DBK\nCG2mH3ITP0055Y0NcIAjPmfpEndFQsr5YkR7UtLBqbHAe4GRVjaJ27vkSPAKFCRQ\nghmFfDVrV15/Ghx8edGipTBC3cCVEpuv4GTD+V6GHSw3fYbp5r9BI1oMDaCSRsOZ\nnTicXkHF6NQqFfUEsQQikCWj1vd6j+iSGZ4HHoYd0mpQC5RYnFUC37YIb3PSfcgR\n5CYMsXNlKOu4KqrkwaXI+IGrnhCviYN2FnhqXlpCCzwazbon3f6SL9p0CqxNVKdQ\n1xWhpeDAwBj9AoIBAQCioOuzC+mF2rPBrvxYuEaHfQ1yBBN05knBqGxdcpRunVYP\nxciUagrOZn0XSUzvtlFT+lwBHjHMPrFwjQlZPGQIR+GjkyxDYhuVkoOSjHnGnkVk\nk+OYsC+bjG43MpvXsjbO5tdcjeyJggWEd3dRZZDyf1jVBCLrIm12ScbdhAZb41W0\nMD2lAJxNtfvr1/WeGO8aerrEIuoIOHPujeH/cEvf85L8bdZi4LknJATUp8sm2GvO\n68A2R3oE8XqGBSQqSzu8F9jYWq3HoOpFWa53csnAkRYWhkGBgtRq8TpFSOTM+0uc\nlBGFZFCeA+kTp2wHOyrmWf43wdMPQ9wevojlIvHXAoIBAQDtypN2hIHnzmfuDVpx\nxf9+HGrAjjnZ1l/LhyN+gpHdaDSMOZnivBQ7epuPe4uocVzwP35ysrE1ajnkwkv0\nxZQdKMUuisdOQD04T3oVx84PSJByup+AGgbkoNuTprh2F1Gts7cBJD2D9noJ5sn1\nYKB+/IkwrrZ44iJdDZua1CK6iGECz84ylAxTb8JKKV/U1vtk0+uMEQNfWOyGHoRH\nQO1JzXWMGBa0AJY3QaImFrkqB84Lda9tL/MyYlvTyu5SHgq2zlX4kTYSAEW0z8lp\njT87zQbAZTFbgIZDXBUkSBREeqG9omhniE16W9U4FSJtqAK3NG71I52BcosSTwVZ\nVqFJAoIBAQCPC6FPu2b4W6aIHRPYXr6NsomkYybMIHSrdCdQy2gD6K+itLSDMQh1\nWt6yFjM82YzzJnRw6KYX6rdYJVhtN3NoqhWcD5VILmwmwa24HvIYaYAITTVgYDkh\nUGmE65K30SDG+ma4rrBR/icCAizCpujrffkagq13ThcKbNMc6Xh1XkVuGwtBVVd0\nl+TaAX/uA2OhLFB/jtf4oUSFgU87C+A85C4cNAXG2W/avtZYophHDur6lqTecqLI\nBRO0nXwpN6YRwudbmein8Oke+/Qn35+Sgau5zhAuTy9cLNN8AQv/52+3X5aVGOWH\n19Q3Wv2o03+86StzUkAmTxCU3V5EKgW/\n-----END PRIVATE KEY-----\n",
            "public_key_fingerprint_md5": "17:ae:e1:24:bf:b8:55:cc:a4:45:79:74:bc:9e:21:32",
            "public_key_fingerprint_sha256": "SHA256:vRH4tEyCwmeKDh/fyjL3JHzxuR1Byi1fVsLiEUwWVik",
            "public_key_openssh": "ssh-rsa AAAAB3NzaC1yc2EAAAADAQABAAACAQDVZ/yOg0m63f5T45CkL3mxeqRb0vj05hHR914p0c/LLvh6Vh56/qPUaC8HVnvApTfeFrF9X6MX/llyfi/DW66LwvqJuH9YOYbZpDC8wqcu3b6SrNgTGj0EtlQq6XcQMMZBe3mSj523Joy0KNC9TmXinn+M/h3MmmwNMdZH9zyqRNi4acV/Wiy9clGUeHbU4RMgt+2Qvh3nQJudZDKFsZ9Imxfr48RT3SFdCTE1m3bUWHO/UomjjcVavoo2XXIRPg4S7xfKfv60gHKWRuq68JN+94cueH9svaQMeWOKSk7SyIBPmY/Cl413X/b9oIfM0vaRb+H+W61u08ftlc2GeFzyqiM0AutWYgjsVV3vv+/dzZlVl+uygrqP1f7DrIezvL2jb2cdt4hBPVyccprLQgVQ2y8H9ojUVOhDN6SG5aDQ/Q7f1/bH+bwUAvyWna1es1j1eKxkjYltuAUSNCTwUH/2HpcD1SsLi9ki8KWVwp/8eHVGx7kZjnPkVC00jc+0Qw/oUWoIE0b3ZOLQP+0EkuqGNKgQnuXFPFvPOGuNxaehO5QpIh77x1ORLrrJTmw0BuV4wLc7C7CbZvjcniUcJJ21+UB5WB0pHfVff6NhdmI2I3BQh6uABRB5on9fW+GklFKfV0gvJjugHz1e/4bbs67ut0hNuAQe61y21tGbNJO53w==\n",
            "public_key_pem": "-----BEGIN PUBLIC KEY-----\nMIICIjANBgkqhkiG9w0BAQEFAAOCAg8AMIICCgKCAgEA1Wf8joNJut3+U+OQpC95\nsXqkW9L49OYR0fdeKdHPyy74elYeev6j1GgvB1Z7wKU33haxfV+jF/5Zcn4vw1uu\ni8L6ibh/WDmG2aQwvMKnLt2+kqzYExo9BLZUKul3EDDGQXt5ko+dtyaMtCjQvU5l\n4p5/jP4dzJpsDTHWR/c8qkTYuGnFf1osvXJRlHh21OETILftkL4d50CbnWQyhbGf\nSJsX6+PEU90hXQkxNZt21Fhzv1KJo43FWr6KNl1yET4OEu8Xyn7+tIBylkbquvCT\nfveHLnh/bL2kDHljikpO0siAT5mPwpeNd1/2/aCHzNL2kW/h/lutbtPH7ZXNhnhc\n8qojNALrVmII7FVd77/v3c2ZVZfrsoK6j9X+w6yHs7y9o29nHbeIQT1cnHKay0IF\nUNsvB/aI1FToQzekhuWg0P0O39f2x/m8FAL8lp2tXrNY9XisZI2JbbgFEjQk8FB/\n9h6XA9UrC4vZIvCllcKf/Hh1Rse5GY5z5FQtNI3PtEMP6FFqCBNG92Ti0D/tBJLq\nhjSoEJ7lxTxbzzhrjcWnoTuUKSIe+8dTkS66yU5sNAbleMC3Owuwm2b43J4lHCSd\ntflAeVgdKR31X3+jYXZiNiNwUIergAUQeaJ/X1vhpJRSn1dILyY7oB89Xv+G27Ou\n7rdITbgEHutcttbRmzSTud8CAwEAAQ==\n-----END PUBLIC KEY-----\n",
            "rsa_bits": 4096
          },
          "sensitive_attributes": [
            [
              {
                "type": "get_attr",
                "value": "private_key_openssh"
              }
            ],
            [
              {
                "type": "get_attr",
                "value": "private_key_pem"
              }
            ],
            [
              {
                "type": "get_attr",
                "value": "private_key_pem_pkcs8"
              }
            ]
          ]
        }
      ]
    }
  ],
  "check_results": null
}
